
Microsoft Visual Studio Solution File, Format Version 11.00
# Visual Studio 2010
Project("{FAE04EC0-301F-11D3-BF4B-00C04F79EFBC}") = "ApplicationFundamentals", "ApplicationFundamentals\ApplicationFundamentals.csproj", "{ACB0406F-5049-4DB1-A603-537DFC7B3C7F}"
EndProject
Project("{FAE04EC0-301F-11D3-BF4B-00C04F79EFBC}") = "Polling", "Polling\Polling.csproj", "{D855B2E2-707D-495E-A650-43C43EEE7ED9}"
EndProject
Project("{FAE04EC0-301F-11D3-BF4B-00C04F79EFBC}") = "ThreadPolling", "ThreadPolling\ThreadPolling.csproj", "{8D193A3B-7329-4353-89D8-8C45F73685FC}"
EndProject
Global
	GlobalSection(SolutionConfigurationPlatforms) = preSolution
		Debug|Any CPU = Debug|Any CPU
		Debug|Mixed Platforms = Debug|Mixed Platforms
		Debug|x86 = Debug|x86
		Release|Any CPU = Release|Any CPU
		Release|Mixed Platforms = Release|Mixed Platforms
		Release|x86 = Release|x86
	EndGlobalSection
	GlobalSection(ProjectConfigurationPlatforms) = postSolution
		{ACB0406F-5049-4DB1-A603-537DFC7B3C7F}.Debug|Any CPU.ActiveCfg = Debug|x86
		{ACB0406F-5049-4DB1-A603-537DFC7B3C7F}.Debug|Mixed Platforms.ActiveCfg = Debug|x86
		{ACB0406F-5049-4DB1-A603-537DFC7B3C7F}.Debug|Mixed Platforms.Build.0 = Debug|x86
		{ACB0406F-5049-4DB1-A603-537DFC7B3C7F}.Debug|x86.ActiveCfg = Debug|x86
		{ACB0406F-5049-4DB1-A603-537DFC7B3C7F}.Debug|x86.Build.0 = Debug|x86
		{ACB0406F-5049-4DB1-A603-537DFC7B3C7F}.Release|Any CPU.ActiveCfg = Release|x86
		{ACB0406F-5049-4DB1-A603-537DFC7B3C7F}.Release|Mixed Platforms.ActiveCfg = Release|x86
		{ACB0406F-5049-4DB1-A603-537DFC7B3C7F}.Release|Mixed Platforms.Build.0 = Release|x86
		{ACB0406F-5049-4DB1-A603-537DFC7B3C7F}.Release|x86.ActiveCfg = Release|x86
		{ACB0406F-5049-4DB1-A603-537DFC7B3C7F}.Release|x86.Build.0 = Release|x86
		{D855B2E2-707D-495E-A650-43C43EEE7ED9}.Debug|Any CPU.ActiveCfg = Debug|x86
		{D855B2E2-707D-495E-A650-43C43EEE7ED9}.Debug|Mixed Platforms.ActiveCfg = Debug|x86
		{D855B2E2-707D-495E-A650-43C43EEE7ED9}.Debug|Mixed Platforms.Build.0 = Debug|x86
		{D855B2E2-707D-495E-A650-43C43EEE7ED9}.Debug|x86.ActiveCfg = Debug|x86
		{D855B2E2-707D-495E-A650-43C43EEE7ED9}.Debug|x86.Build.0 = Debug|x86
		{D855B2E2-707D-495E-A650-43C43EEE7ED9}.Release|Any CPU.ActiveCfg = Release|x86
		{D855B2E2-707D-495E-A650-43C43EEE7ED9}.Release|Mixed Platforms.ActiveCfg = Release|x86
		{D855B2E2-707D-495E-A650-43C43EEE7ED9}.Release|Mixed Platforms.Build.0 = Release|x86
		{D855B2E2-707D-495E-A650-43C43EEE7ED9}.Release|x86.ActiveCfg = Release|x86
		{D855B2E2-707D-495E-A650-43C43EEE7ED9}.Release|x86.Build.0 = Release|x86
		{8D193A3B-7329-4353-89D8-8C45F73685FC}.Debug|Any CPU.ActiveCfg = Debug|x86
		{8D193A3B-7329-4353-89D8-8C45F73685FC}.Debug|Mixed Platforms.ActiveCfg = Debug|x86
		{8D193A3B-7329-4353-89D8-8C45F73685FC}.Debug|Mixed Platforms.Build.0 = Debug|x86
		{8D193A3B-7329-4353-89D8-8C45F73685FC}.Debug|x86.ActiveCfg = Debug|x86
		{8D193A3B-7329-4353-89D8-8C45F73685FC}.Debug|x86.Build.0 = Debug|x86
		{8D193A3B-7329-4353-89D8-8C45F73685FC}.Release|Any CPU.ActiveCfg = Release|x86
		{8D193A3B-7329-4353-89D8-8C45F73685FC}.Release|Mixed Platforms.ActiveCfg = Release|x86
		{8D193A3B-7329-4353-89D8-8C45F73685FC}.Release|Mixed Platforms.Build.0 = Release|x86
		{8D193A3B-7329-4353-89D8-8C45F73685FC}.Release|x86.ActiveCfg = Release|x86
		{8D193A3B-7329-4353-89D8-8C45F73685FC}.Release|x86.Build.0 = Release|x86
	EndGlobalSection
	GlobalSection(SolutionProperties) = preSolution
		HideSolutionNode = FALSE
	EndGlobalSection
EndGlobal
