
Microsoft Visual Studio Solution File, Format Version 11.00
# Visual Studio 2010
Project("{FAE04EC0-301F-11D3-BF4B-00C04F79EFBC}") = "PutThatThere", "PutThatThere\PutThatThere.csproj", "{036FCB30-D13A-4A69-BFC6-59FBFB6B51EF}"
EndProject
Global
	GlobalSection(SolutionConfigurationPlatforms) = preSolution
		Debug|x86 = Debug|x86
		Release|x86 = Release|x86
	EndGlobalSection
	GlobalSection(ProjectConfigurationPlatforms) = postSolution
		{036FCB30-D13A-4A69-BFC6-59FBFB6B51EF}.Debug|x86.ActiveCfg = Debug|x86
		{036FCB30-D13A-4A69-BFC6-59FBFB6B51EF}.Debug|x86.Build.0 = Debug|x86
		{036FCB30-D13A-4A69-BFC6-59FBFB6B51EF}.Release|x86.ActiveCfg = Release|x86
		{036FCB30-D13A-4A69-BFC6-59FBFB6B51EF}.Release|x86.Build.0 = Release|x86
	EndGlobalSection
	GlobalSection(SolutionProperties) = preSolution
		HideSolutionNode = FALSE
	EndGlobalSection
EndGlobal
